
Microsoft Visual Studio Solution File, Format Version 12.00
# Visual Studio Version 17
VisualStudioVersion = 17.12.35707.178
MinimumVisualStudioVersion = 10.0.40219.1
Project("{FAE04EC0-301F-11D3-BF4B-00C04F79EFBC}") = "SharpMermaid", "SharpMermaid\SharpMermaid.csproj", "{B8B95763-649B-4CCE-A3D6-FC8AD9788BDD}"
EndProject
Project("{FAE04EC0-301F-11D3-BF4B-00C04F79EFBC}") = "SharpMermaid.Docs", "SharpMermaid.Docs\SharpMermaid.Docs.csproj", "{CE6C9599-6395-4468-94D5-B1AE841CC877}"
EndProject
Project("{2150E333-8FDC-42A3-9474-1A3956D46DE8}") = "Solution Items", "Solution Items", "{40E44FFE-D7DA-407C-AE58-FCFE33901A52}"
	ProjectSection(SolutionItems) = preProject
		TODOS.txt = TODOS.txt
	EndProjectSection
EndProject
Project("{FAE04EC0-301F-11D3-BF4B-00C04F79EFBC}") = "SharpMermaid.TestHelpers", "SharpMermaid.TestHelpers\SharpMermaid.TestHelpers.csproj", "{C3CF7884-7C8C-451F-98D9-DA3D7646AFF9}"
EndProject
Project("{FAE04EC0-301F-11D3-BF4B-00C04F79EFBC}") = "SharpMermaid.RulesTests", "SharpMermaid.RulesTests\SharpMermaid.RulesTests.csproj", "{CFE3F6F4-9638-4AA3-B88B-CE0F1A49A443}"
EndProject
Project("{FAE04EC0-301F-11D3-BF4B-00C04F79EFBC}") = "SharpMermaid.FeatureTests", "SharpMermaid.FeatureTests\SharpMermaid.FeatureTests.csproj", "{FA92E0A0-60FA-4D6A-B041-9AEAB867E65D}"
EndProject
Project("{FAE04EC0-301F-11D3-BF4B-00C04F79EFBC}") = "SharpMermaid.CLI", "SharpMermaid.CLI\SharpMermaid.CLI.csproj", "{6207DECD-CCB8-4AE0-8C61-B4C35E75BA7E}"
EndProject
Global
	GlobalSection(SolutionConfigurationPlatforms) = preSolution
		Debug|Any CPU = Debug|Any CPU
		Release|Any CPU = Release|Any CPU
	EndGlobalSection
	GlobalSection(ProjectConfigurationPlatforms) = postSolution
		{B8B95763-649B-4CCE-A3D6-FC8AD9788BDD}.Debug|Any CPU.ActiveCfg = Debug|Any CPU
		{B8B95763-649B-4CCE-A3D6-FC8AD9788BDD}.Debug|Any CPU.Build.0 = Debug|Any CPU
		{B8B95763-649B-4CCE-A3D6-FC8AD9788BDD}.Release|Any CPU.ActiveCfg = Release|Any CPU
		{B8B95763-649B-4CCE-A3D6-FC8AD9788BDD}.Release|Any CPU.Build.0 = Release|Any CPU
		{CE6C9599-6395-4468-94D5-B1AE841CC877}.Debug|Any CPU.ActiveCfg = Debug|Any CPU
		{CE6C9599-6395-4468-94D5-B1AE841CC877}.Debug|Any CPU.Build.0 = Debug|Any CPU
		{CE6C9599-6395-4468-94D5-B1AE841CC877}.Release|Any CPU.ActiveCfg = Release|Any CPU
		{CE6C9599-6395-4468-94D5-B1AE841CC877}.Release|Any CPU.Build.0 = Release|Any CPU
		{C3CF7884-7C8C-451F-98D9-DA3D7646AFF9}.Debug|Any CPU.ActiveCfg = Debug|Any CPU
		{C3CF7884-7C8C-451F-98D9-DA3D7646AFF9}.Debug|Any CPU.Build.0 = Debug|Any CPU
		{C3CF7884-7C8C-451F-98D9-DA3D7646AFF9}.Release|Any CPU.ActiveCfg = Release|Any CPU
		{C3CF7884-7C8C-451F-98D9-DA3D7646AFF9}.Release|Any CPU.Build.0 = Release|Any CPU
		{CFE3F6F4-9638-4AA3-B88B-CE0F1A49A443}.Debug|Any CPU.ActiveCfg = Debug|Any CPU
		{CFE3F6F4-9638-4AA3-B88B-CE0F1A49A443}.Debug|Any CPU.Build.0 = Debug|Any CPU
		{CFE3F6F4-9638-4AA3-B88B-CE0F1A49A443}.Release|Any CPU.ActiveCfg = Release|Any CPU
		{CFE3F6F4-9638-4AA3-B88B-CE0F1A49A443}.Release|Any CPU.Build.0 = Release|Any CPU
		{FA92E0A0-60FA-4D6A-B041-9AEAB867E65D}.Debug|Any CPU.ActiveCfg = Debug|Any CPU
		{FA92E0A0-60FA-4D6A-B041-9AEAB867E65D}.Debug|Any CPU.Build.0 = Debug|Any CPU
		{FA92E0A0-60FA-4D6A-B041-9AEAB867E65D}.Release|Any CPU.ActiveCfg = Release|Any CPU
		{FA92E0A0-60FA-4D6A-B041-9AEAB867E65D}.Release|Any CPU.Build.0 = Release|Any CPU
		{6207DECD-CCB8-4AE0-8C61-B4C35E75BA7E}.Debug|Any CPU.ActiveCfg = Debug|Any CPU
		{6207DECD-CCB8-4AE0-8C61-B4C35E75BA7E}.Debug|Any CPU.Build.0 = Debug|Any CPU
		{6207DECD-CCB8-4AE0-8C61-B4C35E75BA7E}.Release|Any CPU.ActiveCfg = Release|Any CPU
		{6207DECD-CCB8-4AE0-8C61-B4C35E75BA7E}.Release|Any CPU.Build.0 = Release|Any CPU
	EndGlobalSection
	GlobalSection(SolutionProperties) = preSolution
		HideSolutionNode = FALSE
	EndGlobalSection
	GlobalSection(ExtensibilityGlobals) = postSolution
		SolutionGuid = {93074BBA-F372-45C8-885C-AD95D41D7D8A}
	EndGlobalSection
EndGlobal
